{
  "name": "citadels",
  "version": "1.0.0",
  "lockfileVersion": 2,
  "requires": true,
  "packages": {
    "": {
      "name": "citadels",
      "version": "1.0.0",
      "license": "ISC",
      "dependencies": {
        "room": "file:../../srv/app/game-room"
      }
    },
    "../../srv": {},
    "../../srv/app": {},
    "../../srv/app/game-room": {},
    "node_modules/room": {
      "resolved": "../../srv/app/game-room",
      "link": true
    }
  },
  "dependencies": {
    "room": {
      "version": "file:../../srv/app/game-room"
    }
  }
}
